# THIS IS AN AUTOGENERATED FILE. DO NOT EDIT THIS FILE DIRECTLY.
# yarn lockfile v1


"@now/node@^1.5.1":
  version "1.5.1"
  resolved "https://registry.yarnpkg.com/@now/node/-/node-1.5.1.tgz#e0d559ea5d1efaa5cc8a7c35208aa6ad01634ab2"
  integrity sha512-2nXhdqo4aNShHuTwbdQmZQX4jYXAoI85+FTPStD5DZVC3kbSS8m5RDxJu7Op7ffBPwIu8Nmp6ukjXct3Abad7g==
  dependencies:
    "@types/node" "*"

"@types/node@*":
  version "13.13.4"
  resolved "https://registry.yarnpkg.com/@types/node/-/node-13.13.4.tgz#1581d6c16e3d4803eb079c87d4ac893ee7501c2c"
  integrity sha512-x26ur3dSXgv5AwKS0lNfbjpCakGIduWU1DU91Zz58ONRWrIKGunmZBNv4P7N+e27sJkiGDsw/3fT4AtsqQBrBA==

httpie@^1.1.2:
  version "1.1.2"
  resolved "https://registry.yarnpkg.com/httpie/-/httpie-1.1.2.tgz#e76a6792c2172446ea6df8805977a6f57bc9615d"
  integrity sha512-VQ82oXG95oY1fQw/XecHuvcFBA+lZQ9Vwj1RfLcO8a7HpDd4cc2ukwpJt+TUlFaLUAzZErylxWu6wclJ1rUhUQ==
